# This file is automatically @generated by Cargo.
# It is not intended for manual editing.
version = 3

[[package]]
name = "rustop"
version = "1.1.2"
source = "registry+https://github.com/rust-lang/crates.io-index"
checksum = "cac77bea4e5c89acb455a2fe072bc19334cb130691af6e1bed4625d3f5396e89"

[[package]]
name = "shut_the_box_rust"
version = "0.1.0"
dependencies = [
 "rustop",
]
